
Microsoft Visual Studio Solution File, Format Version 12.00
# Visual Studio Version 17
VisualStudioVersion = 17.0.31912.275
MinimumVisualStudioVersion = 10.0.40219.1
Project("{FAE04EC0-301F-11D3-BF4B-00C04F79EFBC}") = "DariivsSleeper.cs", "DariivsSleeper\DariivsSleeper.cs.csproj", "{81D6ECB2-FC4A-4F18-9D25-AC92FAADC1FE}"
EndProject
Global
	GlobalSection(SolutionConfigurationPlatforms) = preSolution
		Debug|Any CPU = Debug|Any CPU
		Release|Any CPU = Release|Any CPU
	EndGlobalSection
	GlobalSection(ProjectConfigurationPlatforms) = postSolution
		{81D6ECB2-FC4A-4F18-9D25-AC92FAADC1FE}.Debug|Any CPU.ActiveCfg = Debug|Any CPU
		{81D6ECB2-FC4A-4F18-9D25-AC92FAADC1FE}.Debug|Any CPU.Build.0 = Debug|Any CPU
		{81D6ECB2-FC4A-4F18-9D25-AC92FAADC1FE}.Release|Any CPU.ActiveCfg = Release|Any CPU
		{81D6ECB2-FC4A-4F18-9D25-AC92FAADC1FE}.Release|Any CPU.Build.0 = Release|Any CPU
	EndGlobalSection
	GlobalSection(SolutionProperties) = preSolution
		HideSolutionNode = FALSE
	EndGlobalSection
	GlobalSection(ExtensibilityGlobals) = postSolution
		SolutionGuid = {62EB8655-9426-40AD-9EAC-2913190BE5BD}
	EndGlobalSection
EndGlobal
